
Microsoft Visual Studio Solution File, Format Version 12.00
# Visual Studio Version 17
VisualStudioVersion = 17.10.35013.160
MinimumVisualStudioVersion = 10.0.40219.1
Project("{9A19103F-16F7-4668-BE54-9A1E7A4F7556}") = "AppDomain", "AppDomain\AppDomain.csproj", "{066B48DB-8EB3-4024-B576-6E98737EFEB2}"
EndProject
Project("{9A19103F-16F7-4668-BE54-9A1E7A4F7556}") = "ExecutionContext", "ExecutionContext\ExecutionContext.csproj", "{D3AA2E9D-690D-4DA1-938C-99F0FEBBFBC3}"
EndProject
Project("{9A19103F-16F7-4668-BE54-9A1E7A4F7556}") = "Thread-Volatile", "Thread-Volatile\Thread-Volatile.csproj", "{A5B55381-A08A-4D28-92F4-658DCAECB410}"
EndProject
Project("{9A19103F-16F7-4668-BE54-9A1E7A4F7556}") = "MultiThreadMangement", "MultiThreadMangement\MultiThreadMangement.csproj", "{A019BEC4-387F-44E6-91BF-82ABE8D7B509}"
EndProject
Project("{FAE04EC0-301F-11D3-BF4B-00C04F79EFBC}") = "BackgroundThreads", "BackgroundThreads\BackgroundThreads.csproj", "{AD0DC0AF-296F-49D6-99D2-F1FCAD3F407D}"
EndProject
Project("{FAE04EC0-301F-11D3-BF4B-00C04F79EFBC}") = "ForegroundThreads", "ForegroundThreads\ForegroundThreads.csproj", "{FAD52891-2C0B-4583-8803-97A15CA66F5C}"
EndProject
Project("{FAE04EC0-301F-11D3-BF4B-00C04F79EFBC}") = "IHostedService", "IHostedService\IHostedService.csproj", "{0FF7C45C-E27B-478D-A898-A88A5ED0FE7B}"
EndProject
Project("{FAE04EC0-301F-11D3-BF4B-00C04F79EFBC}") = "Lock", "Lock\Lock.csproj", "{514AED2B-7FD0-4E72-9D63-74D21EAB6C7B}"
EndProject
Project("{FAE04EC0-301F-11D3-BF4B-00C04F79EFBC}") = "Monitor", "Monitor\Monitor.csproj", "{05C1C820-CC8C-489A-AADD-51F1C6D2C741}"
EndProject
Project("{FAE04EC0-301F-11D3-BF4B-00C04F79EFBC}") = "AsyncAwaitPattern", "AsyncAwaitPattern\AsyncAwaitPattern.csproj", "{2DE27840-3544-45B4-916F-3BB43A508A60}"
EndProject
Global
	GlobalSection(SolutionConfigurationPlatforms) = preSolution
		Debug|Any CPU = Debug|Any CPU
		Release|Any CPU = Release|Any CPU
	EndGlobalSection
	GlobalSection(ProjectConfigurationPlatforms) = postSolution
		{066B48DB-8EB3-4024-B576-6E98737EFEB2}.Debug|Any CPU.ActiveCfg = Debug|Any CPU
		{066B48DB-8EB3-4024-B576-6E98737EFEB2}.Debug|Any CPU.Build.0 = Debug|Any CPU
		{066B48DB-8EB3-4024-B576-6E98737EFEB2}.Release|Any CPU.ActiveCfg = Release|Any CPU
		{066B48DB-8EB3-4024-B576-6E98737EFEB2}.Release|Any CPU.Build.0 = Release|Any CPU
		{D3AA2E9D-690D-4DA1-938C-99F0FEBBFBC3}.Debug|Any CPU.ActiveCfg = Debug|Any CPU
		{D3AA2E9D-690D-4DA1-938C-99F0FEBBFBC3}.Debug|Any CPU.Build.0 = Debug|Any CPU
		{D3AA2E9D-690D-4DA1-938C-99F0FEBBFBC3}.Release|Any CPU.ActiveCfg = Release|Any CPU
		{D3AA2E9D-690D-4DA1-938C-99F0FEBBFBC3}.Release|Any CPU.Build.0 = Release|Any CPU
		{A5B55381-A08A-4D28-92F4-658DCAECB410}.Debug|Any CPU.ActiveCfg = Debug|Any CPU
		{A5B55381-A08A-4D28-92F4-658DCAECB410}.Debug|Any CPU.Build.0 = Debug|Any CPU
		{A5B55381-A08A-4D28-92F4-658DCAECB410}.Release|Any CPU.ActiveCfg = Release|Any CPU
		{A5B55381-A08A-4D28-92F4-658DCAECB410}.Release|Any CPU.Build.0 = Release|Any CPU
		{A019BEC4-387F-44E6-91BF-82ABE8D7B509}.Debug|Any CPU.ActiveCfg = Debug|Any CPU
		{A019BEC4-387F-44E6-91BF-82ABE8D7B509}.Debug|Any CPU.Build.0 = Debug|Any CPU
		{A019BEC4-387F-44E6-91BF-82ABE8D7B509}.Release|Any CPU.ActiveCfg = Release|Any CPU
		{A019BEC4-387F-44E6-91BF-82ABE8D7B509}.Release|Any CPU.Build.0 = Release|Any CPU
		{AD0DC0AF-296F-49D6-99D2-F1FCAD3F407D}.Debug|Any CPU.ActiveCfg = Debug|Any CPU
		{AD0DC0AF-296F-49D6-99D2-F1FCAD3F407D}.Debug|Any CPU.Build.0 = Debug|Any CPU
		{AD0DC0AF-296F-49D6-99D2-F1FCAD3F407D}.Release|Any CPU.ActiveCfg = Release|Any CPU
		{AD0DC0AF-296F-49D6-99D2-F1FCAD3F407D}.Release|Any CPU.Build.0 = Release|Any CPU
		{FAD52891-2C0B-4583-8803-97A15CA66F5C}.Debug|Any CPU.ActiveCfg = Debug|Any CPU
		{FAD52891-2C0B-4583-8803-97A15CA66F5C}.Debug|Any CPU.Build.0 = Debug|Any CPU
		{FAD52891-2C0B-4583-8803-97A15CA66F5C}.Release|Any CPU.ActiveCfg = Release|Any CPU
		{FAD52891-2C0B-4583-8803-97A15CA66F5C}.Release|Any CPU.Build.0 = Release|Any CPU
		{0FF7C45C-E27B-478D-A898-A88A5ED0FE7B}.Debug|Any CPU.ActiveCfg = Debug|Any CPU
		{0FF7C45C-E27B-478D-A898-A88A5ED0FE7B}.Debug|Any CPU.Build.0 = Debug|Any CPU
		{0FF7C45C-E27B-478D-A898-A88A5ED0FE7B}.Release|Any CPU.ActiveCfg = Release|Any CPU
		{0FF7C45C-E27B-478D-A898-A88A5ED0FE7B}.Release|Any CPU.Build.0 = Release|Any CPU
		{514AED2B-7FD0-4E72-9D63-74D21EAB6C7B}.Debug|Any CPU.ActiveCfg = Debug|Any CPU
		{514AED2B-7FD0-4E72-9D63-74D21EAB6C7B}.Debug|Any CPU.Build.0 = Debug|Any CPU
		{514AED2B-7FD0-4E72-9D63-74D21EAB6C7B}.Release|Any CPU.ActiveCfg = Release|Any CPU
		{514AED2B-7FD0-4E72-9D63-74D21EAB6C7B}.Release|Any CPU.Build.0 = Release|Any CPU
		{05C1C820-CC8C-489A-AADD-51F1C6D2C741}.Debug|Any CPU.ActiveCfg = Debug|Any CPU
		{05C1C820-CC8C-489A-AADD-51F1C6D2C741}.Debug|Any CPU.Build.0 = Debug|Any CPU
		{05C1C820-CC8C-489A-AADD-51F1C6D2C741}.Release|Any CPU.ActiveCfg = Release|Any CPU
		{05C1C820-CC8C-489A-AADD-51F1C6D2C741}.Release|Any CPU.Build.0 = Release|Any CPU
		{2DE27840-3544-45B4-916F-3BB43A508A60}.Debug|Any CPU.ActiveCfg = Debug|Any CPU
		{2DE27840-3544-45B4-916F-3BB43A508A60}.Debug|Any CPU.Build.0 = Debug|Any CPU
		{2DE27840-3544-45B4-916F-3BB43A508A60}.Release|Any CPU.ActiveCfg = Release|Any CPU
		{2DE27840-3544-45B4-916F-3BB43A508A60}.Release|Any CPU.Build.0 = Release|Any CPU
	EndGlobalSection
	GlobalSection(SolutionProperties) = preSolution
		HideSolutionNode = FALSE
	EndGlobalSection
	GlobalSection(ExtensibilityGlobals) = postSolution
		SolutionGuid = {F4DCA1BD-1BC4-4BE7-8B57-D45EA793BF00}
	EndGlobalSection
EndGlobal
