
Microsoft Visual Studio Solution File, Format Version 12.00
# Visual Studio Version 17
VisualStudioVersion = 17.10.35013.160
MinimumVisualStudioVersion = 10.0.40219.1
Project("{FAE04EC0-301F-11D3-BF4B-00C04F79EFBC}") = "ClassDefinition", "ClassDefinition\ClassDefinition.csproj", "{405B92F3-6524-44FD-A50E-187DFF12FC6A}"
EndProject
Global
	GlobalSection(SolutionConfigurationPlatforms) = preSolution
		Debug|Any CPU = Debug|Any CPU
		Release|Any CPU = Release|Any CPU
	EndGlobalSection
	GlobalSection(ProjectConfigurationPlatforms) = postSolution
		{405B92F3-6524-44FD-A50E-187DFF12FC6A}.Debug|Any CPU.ActiveCfg = Debug|Any CPU
		{405B92F3-6524-44FD-A50E-187DFF12FC6A}.Debug|Any CPU.Build.0 = Debug|Any CPU
		{405B92F3-6524-44FD-A50E-187DFF12FC6A}.Release|Any CPU.ActiveCfg = Release|Any CPU
		{405B92F3-6524-44FD-A50E-187DFF12FC6A}.Release|Any CPU.Build.0 = Release|Any CPU
	EndGlobalSection
	GlobalSection(SolutionProperties) = preSolution
		HideSolutionNode = FALSE
	EndGlobalSection
	GlobalSection(ExtensibilityGlobals) = postSolution
		SolutionGuid = {99D93E4E-8840-4025-B900-4B0FD4F568C4}
	EndGlobalSection
EndGlobal
