
Microsoft Visual Studio Solution File, Format Version 12.00
# Visual Studio Version 17
VisualStudioVersion = 17.10.35013.160
MinimumVisualStudioVersion = 10.0.40219.1
Project("{9A19103F-16F7-4668-BE54-9A1E7A4F7556}") = "Interface", "Interface\Interface.csproj", "{8BDFA019-D47B-459C-BC20-1774AEE57083}"
EndProject
Project("{9A19103F-16F7-4668-BE54-9A1E7A4F7556}") = "IEnumrable", "IEnumrable\IEnumrable.csproj", "{5882C024-5BD1-42FF-95B7-BE6A44BA1ACB}"
EndProject
Project("{FAE04EC0-301F-11D3-BF4B-00C04F79EFBC}") = "YieldReturn", "YieldReturn\YieldReturn.csproj", "{B10E2E6E-3BFF-4654-9267-5C83F54B7C50}"
EndProject
Project("{FAE04EC0-301F-11D3-BF4B-00C04F79EFBC}") = "ICloneable", "ICloneable\ICloneable.csproj", "{68A260B1-4105-42D8-825F-D38EBE048432}"
EndProject
Project("{FAE04EC0-301F-11D3-BF4B-00C04F79EFBC}") = "IComparable", "IComparable\IComparable.csproj", "{4569FEF5-62E9-42E7-9EB5-5C71C881F8C3}"
EndProject
Global
	GlobalSection(SolutionConfigurationPlatforms) = preSolution
		Debug|Any CPU = Debug|Any CPU
		Release|Any CPU = Release|Any CPU
	EndGlobalSection
	GlobalSection(ProjectConfigurationPlatforms) = postSolution
		{8BDFA019-D47B-459C-BC20-1774AEE57083}.Debug|Any CPU.ActiveCfg = Debug|Any CPU
		{8BDFA019-D47B-459C-BC20-1774AEE57083}.Debug|Any CPU.Build.0 = Debug|Any CPU
		{8BDFA019-D47B-459C-BC20-1774AEE57083}.Release|Any CPU.ActiveCfg = Release|Any CPU
		{8BDFA019-D47B-459C-BC20-1774AEE57083}.Release|Any CPU.Build.0 = Release|Any CPU
		{5882C024-5BD1-42FF-95B7-BE6A44BA1ACB}.Debug|Any CPU.ActiveCfg = Debug|Any CPU
		{5882C024-5BD1-42FF-95B7-BE6A44BA1ACB}.Debug|Any CPU.Build.0 = Debug|Any CPU
		{5882C024-5BD1-42FF-95B7-BE6A44BA1ACB}.Release|Any CPU.ActiveCfg = Release|Any CPU
		{5882C024-5BD1-42FF-95B7-BE6A44BA1ACB}.Release|Any CPU.Build.0 = Release|Any CPU
		{B10E2E6E-3BFF-4654-9267-5C83F54B7C50}.Debug|Any CPU.ActiveCfg = Debug|Any CPU
		{B10E2E6E-3BFF-4654-9267-5C83F54B7C50}.Debug|Any CPU.Build.0 = Debug|Any CPU
		{B10E2E6E-3BFF-4654-9267-5C83F54B7C50}.Release|Any CPU.ActiveCfg = Release|Any CPU
		{B10E2E6E-3BFF-4654-9267-5C83F54B7C50}.Release|Any CPU.Build.0 = Release|Any CPU
		{68A260B1-4105-42D8-825F-D38EBE048432}.Debug|Any CPU.ActiveCfg = Debug|Any CPU
		{68A260B1-4105-42D8-825F-D38EBE048432}.Debug|Any CPU.Build.0 = Debug|Any CPU
		{68A260B1-4105-42D8-825F-D38EBE048432}.Release|Any CPU.ActiveCfg = Release|Any CPU
		{68A260B1-4105-42D8-825F-D38EBE048432}.Release|Any CPU.Build.0 = Release|Any CPU
		{4569FEF5-62E9-42E7-9EB5-5C71C881F8C3}.Debug|Any CPU.ActiveCfg = Debug|Any CPU
		{4569FEF5-62E9-42E7-9EB5-5C71C881F8C3}.Debug|Any CPU.Build.0 = Debug|Any CPU
		{4569FEF5-62E9-42E7-9EB5-5C71C881F8C3}.Release|Any CPU.ActiveCfg = Release|Any CPU
		{4569FEF5-62E9-42E7-9EB5-5C71C881F8C3}.Release|Any CPU.Build.0 = Release|Any CPU
	EndGlobalSection
	GlobalSection(SolutionProperties) = preSolution
		HideSolutionNode = FALSE
	EndGlobalSection
	GlobalSection(ExtensibilityGlobals) = postSolution
		SolutionGuid = {4E61742B-A4AE-41F4-AA75-4687B5B6E98F}
	EndGlobalSection
EndGlobal
