
Microsoft Visual Studio Solution File, Format Version 12.00
# Visual Studio Version 17
VisualStudioVersion = 17.10.35013.160
MinimumVisualStudioVersion = 10.0.40219.1
Project("{9A19103F-16F7-4668-BE54-9A1E7A4F7556}") = "01_Arrays", "01_Arrays\01_Arrays.csproj", "{3FF27062-43D7-45B8-ADD8-AED3437A2420}"
EndProject
Project("{9A19103F-16F7-4668-BE54-9A1E7A4F7556}") = "02_RectangularArray", "02_RectangularArray\02_RectangularArray.csproj", "{8F5564B1-8F2C-4CED-B7B9-B0CD2EEEB715}"
EndProject
Project("{9A19103F-16F7-4668-BE54-9A1E7A4F7556}") = "03_JaggedArray", "03_JaggedArrays\03_JaggedArray.csproj", "{DE132257-B78D-41F0-92C1-F76B5706356E}"
EndProject
Project("{9A19103F-16F7-4668-BE54-9A1E7A4F7556}") = "04_Indices", "04_Indices\04_Indices.csproj", "{8CCB2942-9A3A-4149-A769-140E38BFAB6A}"
EndProject
Project("{9A19103F-16F7-4668-BE54-9A1E7A4F7556}") = "05_RangeOperator", "05_RangeOperator\05_RangeOperator.csproj", "{EE0AC33B-C4AF-4737-ACD1-F23C741F9931}"
EndProject
Project("{9A19103F-16F7-4668-BE54-9A1E7A4F7556}") = "06_Expression-Bodied Members", "06_Expression-Bodied Members\06_Expression-Bodied Members.csproj", "{56403123-8B2B-4D2C-B760-7F3F0172C706}"
EndProject
Project("{9A19103F-16F7-4668-BE54-9A1E7A4F7556}") = "07_LocalFunctions", "07_LocalFunctions\07_LocalFunctions.csproj", "{A6EE5696-3183-46C3-9540-BD116819BE39}"
EndProject
Project("{9A19103F-16F7-4668-BE54-9A1E7A4F7556}") = "08_ParameterModifier", "08_ParameterModifier\08_ParameterModifier.csproj", "{8772F885-443C-442B-9561-956CE18E6E74}"
EndProject
Project("{FAE04EC0-301F-11D3-BF4B-00C04F79EFBC}") = "09_MethodOverloading", "09_MethodOverloading\09_MethodOverloading.csproj", "{692BCB8B-2B45-4A60-9917-0A047BC907EA}"
EndProject
Project("{FAE04EC0-301F-11D3-BF4B-00C04F79EFBC}") = "10_CheckingNullParameter", "10_CheckingNullParameter\10_CheckingNullParameter.csproj", "{BABA5634-835A-4F01-BA1B-D24AE5E9B977}"
EndProject
Project("{FAE04EC0-301F-11D3-BF4B-00C04F79EFBC}") = "11_EnumValue", "11_EnumValue\11_EnumValue.csproj", "{55128F83-2A7F-4788-B683-8A07BD18F786}"
EndProject
Global
	GlobalSection(SolutionConfigurationPlatforms) = preSolution
		Debug|Any CPU = Debug|Any CPU
		Release|Any CPU = Release|Any CPU
	EndGlobalSection
	GlobalSection(ProjectConfigurationPlatforms) = postSolution
		{3FF27062-43D7-45B8-ADD8-AED3437A2420}.Debug|Any CPU.ActiveCfg = Debug|Any CPU
		{3FF27062-43D7-45B8-ADD8-AED3437A2420}.Debug|Any CPU.Build.0 = Debug|Any CPU
		{3FF27062-43D7-45B8-ADD8-AED3437A2420}.Release|Any CPU.ActiveCfg = Release|Any CPU
		{3FF27062-43D7-45B8-ADD8-AED3437A2420}.Release|Any CPU.Build.0 = Release|Any CPU
		{8F5564B1-8F2C-4CED-B7B9-B0CD2EEEB715}.Debug|Any CPU.ActiveCfg = Debug|Any CPU
		{8F5564B1-8F2C-4CED-B7B9-B0CD2EEEB715}.Debug|Any CPU.Build.0 = Debug|Any CPU
		{8F5564B1-8F2C-4CED-B7B9-B0CD2EEEB715}.Release|Any CPU.ActiveCfg = Release|Any CPU
		{8F5564B1-8F2C-4CED-B7B9-B0CD2EEEB715}.Release|Any CPU.Build.0 = Release|Any CPU
		{DE132257-B78D-41F0-92C1-F76B5706356E}.Debug|Any CPU.ActiveCfg = Debug|Any CPU
		{DE132257-B78D-41F0-92C1-F76B5706356E}.Debug|Any CPU.Build.0 = Debug|Any CPU
		{DE132257-B78D-41F0-92C1-F76B5706356E}.Release|Any CPU.ActiveCfg = Release|Any CPU
		{DE132257-B78D-41F0-92C1-F76B5706356E}.Release|Any CPU.Build.0 = Release|Any CPU
		{8CCB2942-9A3A-4149-A769-140E38BFAB6A}.Debug|Any CPU.ActiveCfg = Debug|Any CPU
		{8CCB2942-9A3A-4149-A769-140E38BFAB6A}.Debug|Any CPU.Build.0 = Debug|Any CPU
		{8CCB2942-9A3A-4149-A769-140E38BFAB6A}.Release|Any CPU.ActiveCfg = Release|Any CPU
		{8CCB2942-9A3A-4149-A769-140E38BFAB6A}.Release|Any CPU.Build.0 = Release|Any CPU
		{EE0AC33B-C4AF-4737-ACD1-F23C741F9931}.Debug|Any CPU.ActiveCfg = Debug|Any CPU
		{EE0AC33B-C4AF-4737-ACD1-F23C741F9931}.Debug|Any CPU.Build.0 = Debug|Any CPU
		{EE0AC33B-C4AF-4737-ACD1-F23C741F9931}.Release|Any CPU.ActiveCfg = Release|Any CPU
		{EE0AC33B-C4AF-4737-ACD1-F23C741F9931}.Release|Any CPU.Build.0 = Release|Any CPU
		{56403123-8B2B-4D2C-B760-7F3F0172C706}.Debug|Any CPU.ActiveCfg = Debug|Any CPU
		{56403123-8B2B-4D2C-B760-7F3F0172C706}.Debug|Any CPU.Build.0 = Debug|Any CPU
		{56403123-8B2B-4D2C-B760-7F3F0172C706}.Release|Any CPU.ActiveCfg = Release|Any CPU
		{56403123-8B2B-4D2C-B760-7F3F0172C706}.Release|Any CPU.Build.0 = Release|Any CPU
		{A6EE5696-3183-46C3-9540-BD116819BE39}.Debug|Any CPU.ActiveCfg = Debug|Any CPU
		{A6EE5696-3183-46C3-9540-BD116819BE39}.Debug|Any CPU.Build.0 = Debug|Any CPU
		{A6EE5696-3183-46C3-9540-BD116819BE39}.Release|Any CPU.ActiveCfg = Release|Any CPU
		{A6EE5696-3183-46C3-9540-BD116819BE39}.Release|Any CPU.Build.0 = Release|Any CPU
		{8772F885-443C-442B-9561-956CE18E6E74}.Debug|Any CPU.ActiveCfg = Debug|Any CPU
		{8772F885-443C-442B-9561-956CE18E6E74}.Debug|Any CPU.Build.0 = Debug|Any CPU
		{8772F885-443C-442B-9561-956CE18E6E74}.Release|Any CPU.ActiveCfg = Release|Any CPU
		{8772F885-443C-442B-9561-956CE18E6E74}.Release|Any CPU.Build.0 = Release|Any CPU
		{692BCB8B-2B45-4A60-9917-0A047BC907EA}.Debug|Any CPU.ActiveCfg = Debug|Any CPU
		{692BCB8B-2B45-4A60-9917-0A047BC907EA}.Debug|Any CPU.Build.0 = Debug|Any CPU
		{692BCB8B-2B45-4A60-9917-0A047BC907EA}.Release|Any CPU.ActiveCfg = Release|Any CPU
		{692BCB8B-2B45-4A60-9917-0A047BC907EA}.Release|Any CPU.Build.0 = Release|Any CPU
		{BABA5634-835A-4F01-BA1B-D24AE5E9B977}.Debug|Any CPU.ActiveCfg = Debug|Any CPU
		{BABA5634-835A-4F01-BA1B-D24AE5E9B977}.Debug|Any CPU.Build.0 = Debug|Any CPU
		{BABA5634-835A-4F01-BA1B-D24AE5E9B977}.Release|Any CPU.ActiveCfg = Release|Any CPU
		{BABA5634-835A-4F01-BA1B-D24AE5E9B977}.Release|Any CPU.Build.0 = Release|Any CPU
		{55128F83-2A7F-4788-B683-8A07BD18F786}.Debug|Any CPU.ActiveCfg = Debug|Any CPU
		{55128F83-2A7F-4788-B683-8A07BD18F786}.Debug|Any CPU.Build.0 = Debug|Any CPU
		{55128F83-2A7F-4788-B683-8A07BD18F786}.Release|Any CPU.ActiveCfg = Release|Any CPU
		{55128F83-2A7F-4788-B683-8A07BD18F786}.Release|Any CPU.Build.0 = Release|Any CPU
	EndGlobalSection
	GlobalSection(SolutionProperties) = preSolution
		HideSolutionNode = FALSE
	EndGlobalSection
	GlobalSection(ExtensibilityGlobals) = postSolution
		SolutionGuid = {8DA68490-B0C1-4159-8C96-CBDDACB2EA38}
	EndGlobalSection
EndGlobal
