
Microsoft Visual Studio Solution File, Format Version 12.00
# Visual Studio Version 17
VisualStudioVersion = 17.10.35013.160
MinimumVisualStudioVersion = 10.0.40219.1
Project("{9A19103F-16F7-4668-BE54-9A1E7A4F7556}") = "Polymorphysm", "Polymorphysm\Polymorphysm.csproj", "{EE6171B9-B3B7-4289-BFE2-3EE94543DA7C}"
EndProject
Project("{9A19103F-16F7-4668-BE54-9A1E7A4F7556}") = "Abstract", "Abstract\Abstract.csproj", "{C25F5845-B613-4A0F-A07B-2B3C5A105086}"
EndProject
Project("{FAE04EC0-301F-11D3-BF4B-00C04F79EFBC}") = "Inheritance", "Inheritance\Inheritance.csproj", "{C84161B2-490B-4A9D-BEEF-A30CA50DF46A}"
EndProject
Project("{FAE04EC0-301F-11D3-BF4B-00C04F79EFBC}") = "CoreMemberOfSystem.Object", "CoreMemberOfSystem.Object\CoreMemberOfSystem.Object.csproj", "{7A33FFE9-025C-4062-921E-D32C0F2182C2}"
EndProject
Global
	GlobalSection(SolutionConfigurationPlatforms) = preSolution
		Debug|Any CPU = Debug|Any CPU
		Release|Any CPU = Release|Any CPU
	EndGlobalSection
	GlobalSection(ProjectConfigurationPlatforms) = postSolution
		{EE6171B9-B3B7-4289-BFE2-3EE94543DA7C}.Debug|Any CPU.ActiveCfg = Debug|Any CPU
		{EE6171B9-B3B7-4289-BFE2-3EE94543DA7C}.Debug|Any CPU.Build.0 = Debug|Any CPU
		{EE6171B9-B3B7-4289-BFE2-3EE94543DA7C}.Release|Any CPU.ActiveCfg = Release|Any CPU
		{EE6171B9-B3B7-4289-BFE2-3EE94543DA7C}.Release|Any CPU.Build.0 = Release|Any CPU
		{C25F5845-B613-4A0F-A07B-2B3C5A105086}.Debug|Any CPU.ActiveCfg = Debug|Any CPU
		{C25F5845-B613-4A0F-A07B-2B3C5A105086}.Debug|Any CPU.Build.0 = Debug|Any CPU
		{C25F5845-B613-4A0F-A07B-2B3C5A105086}.Release|Any CPU.ActiveCfg = Release|Any CPU
		{C25F5845-B613-4A0F-A07B-2B3C5A105086}.Release|Any CPU.Build.0 = Release|Any CPU
		{C84161B2-490B-4A9D-BEEF-A30CA50DF46A}.Debug|Any CPU.ActiveCfg = Debug|Any CPU
		{C84161B2-490B-4A9D-BEEF-A30CA50DF46A}.Debug|Any CPU.Build.0 = Debug|Any CPU
		{C84161B2-490B-4A9D-BEEF-A30CA50DF46A}.Release|Any CPU.ActiveCfg = Release|Any CPU
		{C84161B2-490B-4A9D-BEEF-A30CA50DF46A}.Release|Any CPU.Build.0 = Release|Any CPU
		{7A33FFE9-025C-4062-921E-D32C0F2182C2}.Debug|Any CPU.ActiveCfg = Debug|Any CPU
		{7A33FFE9-025C-4062-921E-D32C0F2182C2}.Debug|Any CPU.Build.0 = Debug|Any CPU
		{7A33FFE9-025C-4062-921E-D32C0F2182C2}.Release|Any CPU.ActiveCfg = Release|Any CPU
		{7A33FFE9-025C-4062-921E-D32C0F2182C2}.Release|Any CPU.Build.0 = Release|Any CPU
	EndGlobalSection
	GlobalSection(SolutionProperties) = preSolution
		HideSolutionNode = FALSE
	EndGlobalSection
	GlobalSection(ExtensibilityGlobals) = postSolution
		SolutionGuid = {53B1EBF8-80F9-4A57-9ED4-99AF2E73FB47}
	EndGlobalSection
EndGlobal
