
Microsoft Visual Studio Solution File, Format Version 12.00
# Visual Studio Version 17
VisualStudioVersion = 17.10.35013.160
MinimumVisualStudioVersion = 10.0.40219.1
Project("{9A19103F-16F7-4668-BE54-9A1E7A4F7556}") = "NewKeyword", "NewKeyword\NewKeyword.csproj", "{EBAB13B3-C0E2-47C3-B183-C3986CC2E507}"
EndProject
Project("{FAE04EC0-301F-11D3-BF4B-00C04F79EFBC}") = "ObjectGenerations", "ObjectGenerations\ObjectGenerations.csproj", "{231958D5-14D5-43ED-87B9-4422E6F6EF8F}"
EndProject
Global
	GlobalSection(SolutionConfigurationPlatforms) = preSolution
		Debug|Any CPU = Debug|Any CPU
		Release|Any CPU = Release|Any CPU
	EndGlobalSection
	GlobalSection(ProjectConfigurationPlatforms) = postSolution
		{EBAB13B3-C0E2-47C3-B183-C3986CC2E507}.Debug|Any CPU.ActiveCfg = Debug|Any CPU
		{EBAB13B3-C0E2-47C3-B183-C3986CC2E507}.Debug|Any CPU.Build.0 = Debug|Any CPU
		{EBAB13B3-C0E2-47C3-B183-C3986CC2E507}.Release|Any CPU.ActiveCfg = Release|Any CPU
		{EBAB13B3-C0E2-47C3-B183-C3986CC2E507}.Release|Any CPU.Build.0 = Release|Any CPU
		{231958D5-14D5-43ED-87B9-4422E6F6EF8F}.Debug|Any CPU.ActiveCfg = Debug|Any CPU
		{231958D5-14D5-43ED-87B9-4422E6F6EF8F}.Debug|Any CPU.Build.0 = Debug|Any CPU
		{231958D5-14D5-43ED-87B9-4422E6F6EF8F}.Release|Any CPU.ActiveCfg = Release|Any CPU
		{231958D5-14D5-43ED-87B9-4422E6F6EF8F}.Release|Any CPU.Build.0 = Release|Any CPU
	EndGlobalSection
	GlobalSection(SolutionProperties) = preSolution
		HideSolutionNode = FALSE
	EndGlobalSection
	GlobalSection(ExtensibilityGlobals) = postSolution
		SolutionGuid = {E0635732-65D4-43D2-B85A-62AF2002A1B6}
	EndGlobalSection
EndGlobal
